// !$*UTF8*$!
{
	archiveVersion = 1;
	classes = {
	};
	objectVersion = 48;
	objects = {

/* Begin PBXBuildFile section */
		3FFAF7431FD82DAF00D6E2EC /* AppDelegate.swift in Sources */ = {isa = PBXBuildFile; fileRef = 3FFAF7421FD82DAF00D6E2EC /* AppDelegate.swift */; };
		3FFAF7451FD82DAF00D6E2EC /* ViewController.swift in Sources */ = {isa = PBXBuildFile; fileRef = 3FFAF7441FD82DAF00D6E2EC /* ViewController.swift */; };
		3FFAF7481FD82DAF00D6E2EC /* Main.storyboard in Resources */ = {isa = PBXBuildFile; fileRef = 3FFAF7461FD82DAF00D6E2EC /* Main.storyboard */; };
		3FFAF74B1FD82DAF00D6E2EC /* Two_Buttons.xcdatamodeld in Sources */ = {isa = PBXBuildFile; fileRef = 3FFAF7491FD82DAF00D6E2EC /* Two_Buttons.xcdatamodeld */; };
		3FFAF74D1FD82DAF00D6E2EC /* Assets.xcassets in Resources */ = {isa = PBXBuildFile; fileRef = 3FFAF74C1FD82DAF00D6E2EC /* Assets.xcassets */; };
		3FFAF7501FD82DAF00D6E2EC /* LaunchScreen.storyboard in Resources */ = {isa = PBXBuildFile; fileRef = 3FFAF74E1FD82DAF00D6E2EC /* LaunchScreen.storyboard */; };
/* End PBXBuildFile section */

/* Begin PBXFileReference section */
		3FFAF73F1FD82DAF00D6E2EC /* Two Buttons.app */ = {isa = PBXFileReference; explicitFileType = wrapper.application; includeInIndex = 0; path = "Two Buttons.app"; sourceTree = BUILT_PRODUCTS_DIR; };
		3FFAF7421FD82DAF00D6E2EC /* AppDelegate.swift */ = {isa = PBXFileReference; lastKnownFileType = sourcecode.swift; path = AppDelegate.swift; sourceTree = "<group>"; };
		3FFAF7441FD82DAF00D6E2EC /* ViewController.swift */ = {isa = PBXFileReference; lastKnownFileType = sourcecode.swift; path = ViewController.swift; sourceTree = "<group>"; };
		3FFAF7471FD82DAF00D6E2EC /* Base */ = {isa = PBXFileReference; lastKnownFileType = file.storyboard; name = Base; path = Base.lproj/Main.storyboard; sourceTree = "<group>"; };
		3FFAF74A1FD82DAF00D6E2EC /* Two_Buttons.xcdatamodel */ = {isa = PBXFileReference; lastKnownFileType = wrapper.xcdatamodel; path = Two_Buttons.xcdatamodel; sourceTree = "<group>"; };
		3FFAF74C1FD82DAF00D6E2EC /* Assets.xcassets */ = {isa = PBXFileReference; lastKnownFileType = folder.assetcatalog; path = Assets.xcassets; sourceTree = "<group>"; };
		3FFAF74F1FD82DAF00D6E2EC /* Base */ = {isa = PBXFileReference; lastKnownFileType = file.storyboard; name = Base; path = Base.lproj/LaunchScreen.storyboard; sourceTree = "<group>"; };
		3FFAF7511FD82DAF00D6E2EC /* Info.plist */ = {isa = PBXFileReference; lastKnownFileType = text.plist.xml; path = Info.plist; sourceTree = "<group>"; };
/* End PBXFileReference section */

/* Begin PBXFrameworksBuildPhase section */
		3FFAF73C1FD82DAF00D6E2EC /* Frameworks */ = {
			isa = PBXFrameworksBuildPhase;
			buildActionMask = 2147483647;
			files = (
			);
			runOnlyForDeploymentPostprocessing = 0;
		};
/* End PBXFrameworksBuildPhase section */

/* Begin PBXGroup section */
		3FFAF7361FD82DAF00D6E2EC = {
			isa = PBXGroup;
			children = (
				3FFAF7411FD82DAF00D6E2EC /* Two Buttons */,
				3FFAF7401FD82DAF00D6E2EC /* Products */,
			);
			sourceTree = "<group>";
		};
		3FFAF7401FD82DAF00D6E2EC /* Products */ = {
			isa = PBXGroup;
			children = (
				3FFAF73F1FD82DAF00D6E2EC /* Two Buttons.app */,
			);
			name = Products;
			sourceTree = "<group>";
		};
		3FFAF7411FD82DAF00D6E2EC /* Two Buttons */ = {
			isa = PBXGroup;
			children = (
				3FFAF7421FD82DAF00D6E2EC /* AppDelegate.swift */,
				3FFAF7441FD82DAF00D6E2EC /* ViewController.swift */,
				3FFAF7461FD82DAF00D6E2EC /* Main.storyboard */,
				3FFAF74C1FD82DAF00D6E2EC /* Assets.xcassets */,
				3FFAF74E1FD82DAF00D6E2EC /* LaunchScreen.storyboard */,
				3FFAF7511FD82DAF00D6E2EC /* Info.plist */,
				3FFAF7491FD82DAF00D6E2EC /* Two_Buttons.xcdatamodeld */,
			);
			path = "Two Buttons";
			sourceTree = "<group>";
		};
/* End PBXGroup section */

/* Begin PBXNativeTarget section */
		3FFAF73E1FD82DAF00D6E2EC /* Two Buttons */ = {
			isa = PBXNativeTarget;
			buildConfigurationList = 3FFAF7541FD82DAF00D6E2EC /* Build configuration list for PBXNativeTarget "Two Buttons" */;
			buildPhases = (
				3FFAF73B1FD82DAF00D6E2EC /* Sources */,
				3FFAF73C1FD82DAF00D6E2EC /* Frameworks */,
				3FFAF73D1FD82DAF00D6E2EC /* Resources */,
			);
			buildRules = (
			);
			dependencies = (
			);
			name = "Two Buttons";
			productName = "Two Buttons";
			productReference = 3FFAF73F1FD82DAF00D6E2EC /* Two Buttons.app */;
			productType = "com.apple.product-type.application";
		};
/* End PBXNativeTarget section */

/* Begin PBXProject section */
		3FFAF7371FD82DAF00D6E2EC /* Project object */ = {
			isa = PBXProject;
			attributes = {
				LastSwiftUpdateCheck = 0900;
				LastUpgradeCheck = 0900;
				ORGANIZATIONNAME = Student;
				TargetAttributes = {
					3FFAF73E1FD82DAF00D6E2EC = {
						CreatedOnToolsVersion = 9.0;
						ProvisioningStyle = Automatic;
					};
				};
			};
			buildConfigurationList = 3FFAF73A1FD82DAF00D6E2EC /* Build configuration list for PBXProject "Two Buttons" */;
			compatibilityVersion = "Xcode 8.0";
			developmentRegion = en;
			hasScannedForEncodings = 0;
			knownRegions = (
				en,
				Base,
			);
			mainGroup = 3FFAF7361FD82DAF00D6E2EC;
			productRefGroup = 3FFAF7401FD82DAF00D6E2EC /* Products */;
			projectDirPath = "";
			projectRoot = "";
			targets = (
				3FFAF73E1FD82DAF00D6E2EC /* Two Buttons */,
			);
		};
/* End PBXProject section */

/* Begin PBXResourcesBuildPhase section */
		3FFAF73D1FD82DAF00D6E2EC /* Resources */ = {
			isa = PBXResourcesBuildPhase;
			buildActionMask = 2147483647;
			files = (
				3FFAF7501FD82DAF00D6E2EC /* LaunchScreen.storyboard in Resources */,
				3FFAF74D1FD82DAF00D6E2EC /* Assets.xcassets in Resources */,
				3FFAF7481FD82DAF00D6E2EC /* Main.storyboard in Resources */,
			);
			runOnlyForDeploymentPostprocessing = 0;
		};
/* End PBXResourcesBuildPhase section */

/* Begin PBXSourcesBuildPhase section */
		3FFAF73B1FD82DAF00D6E2EC /* Sources */ = {
			isa = PBXSourcesBuildPhase;
			buildActionMask = 2147483647;
			files = (
				3FFAF7451FD82DAF00D6E2EC /* ViewController.swift in Sources */,
				3FFAF7431FD82DAF00D6E2EC /* AppDelegate.swift in Sources */,
				3FFAF74B1FD82DAF00D6E2EC /* Two_Buttons.xcdatamodeld in Sources */,
			);
			runOnlyForDeploymentPostprocessing = 0;
		};
/* End PBXSourcesBuildPhase section */

/* Begin PBXVariantGroup section */
		3FFAF7461FD82DAF00D6E2EC /* Main.storyboard */ = {
			isa = PBXVariantGroup;
			children = (
				3FFAF7471FD82DAF00D6E2EC /* Base */,
			);
			name = Main.storyboard;
			sourceTree = "<group>";
		};
		3FFAF74E1FD82DAF00D6E2EC /* LaunchScreen.storyboard */ = {
			isa = PBXVariantGroup;
			children = (
				3FFAF74F1FD82DAF00D6E2EC /* Base */,
			);
			name = LaunchScreen.storyboard;
			sourceTree = "<group>";
		};
/* End PBXVariantGroup section */

/* Begin XCBuildConfiguration section */
		3FFAF7521FD82DAF00D6E2EC /* Debug */ = {
			isa = XCBuildConfiguration;
			buildSettings = {
				ALWAYS_SEARCH_USER_PATHS = NO;
				CLANG_ANALYZER_NONNULL = YES;
				CLANG_ANALYZER_NUMBER_OBJECT_CONVERSION = YES_AGGRESSIVE;
				CLANG_CXX_LANGUAGE_STANDARD = "gnu++14";
				CLANG_CXX_LIBRARY = "libc++";
				CLANG_ENABLE_MODULES = YES;
				CLANG_ENABLE_OBJC_ARC = YES;
				CLANG_WARN_BLOCK_CAPTURE_AUTORELEASING = YES;
				CLANG_WARN_BOOL_CONVERSION = YES;
				CLANG_WARN_COMMA = YES;
				CLANG_WARN_CONSTANT_CONVERSION = YES;
				CLANG_WARN_DIRECT_OBJC_ISA_USAGE = YES_ERROR;
				CLANG_WARN_DOCUMENTATION_COMMENTS = YES;
				CLANG_WARN_EMPTY_BODY = YES;
				CLANG_WARN_ENUM_CONVERSION = YES;
				CLANG_WARN_INFINITE_RECURSION = YES;
				CLANG_WARN_INT_CONVERSION = YES;
				CLANG_WARN_NON_LITERAL_NULL_CONVERSION = YES;
				CLANG_WARN_OBJC_LITERAL_CONVERSION = YES;
				CLANG_WARN_OBJC_ROOT_CLASS = YES_ERROR;
				CLANG_WARN_RANGE_LOOP_ANALYSIS = YES;
				CLANG_WARN_STRICT_PROTOTYPES = YES;
				CLANG_WARN_SUSPICIOUS_MOVE = YES;
				CLANG_WARN_UNGUARDED_AVAILABILITY = YES_AGGRESSIVE;
				CLANG_WARN_UNREACHABLE_CODE = YES;
				CLANG_WARN__DUPLICATE_METHOD_MATCH = YES;
				CODE_SIGN_IDENTITY = "iPhone Developer";
				COPY_PHASE_STRIP = NO;
				DEBUG_INFORMATION_FORMAT = dwarf;
				ENABLE_STRICT_OBJC_MSGSEND = YES;
				ENABLE_TESTABILITY = YES;
				GCC_C_LANGUAGE_STANDARD = gnu11;
				GCC_DYNAMIC_NO_PIC = NO;
				GCC_NO_COMMON_BLOCKS = YES;
				GCC_OPTIMIZATION_LEVEL = 0;
				GCC_PREPROCESSOR_DEFINITIONS = (
					"DEBUG=1",
					"$(inherited)",
				);
				GCC_WARN_64_TO_32_BIT_CONVERSION = YES;
				GCC_WARN_ABOUT_RETURN_TYPE = YES_ERROR;
				GCC_WARN_UNDECLARED_SELECTOR = YES;
				GCC_WARN_UNINITIALIZED_AUTOS = YES_AGGRESSIVE;
				GCC_WARN_UNUSED_FUNCTION = YES;
				GCC_WARN_UNUSED_VARIABLE = YES;
				IPHONEOS_DEPLOYMENT_TARGET = 11.0;
				MTL_ENABLE_DEBUG_INFO = YES;
				ONLY_ACTIVE_ARCH = YES;
				SDKROOT = iphoneos;
				SWIFT_ACTIVE_COMPILATION_CONDITIONS = DEBUG;
				SWIFT_OPTIMIZATION_LEVEL = "-Onone";
			};
			name = Debug;
		};
		3FFAF7531FD82DAF00D6E2EC /* Release */ = {
			isa = XCBuildConfiguration;
			buildSettings = {
				ALWAYS_SEARCH_USER_PATHS = NO;
				CLANG_ANALYZER_NONNULL = YES;
				CLANG_ANALYZER_NUMBER_OBJECT_CONVERSION = YES_AGGRESSIVE;
				CLANG_CXX_LANGUAGE_STANDARD = "gnu++14";
				CLANG_CXX_LIBRARY = "libc++";
				CLANG_ENABLE_MODULES = YES;
				CLANG_ENABLE_OBJC_ARC = YES;
				CLANG_WARN_BLOCK_CAPTURE_AUTORELEASING = YES;
				CLANG_WARN_BOOL_CONVERSION = YES;
				CLANG_WARN_COMMA = YES;
				CLANG_WARN_CONSTANT_CONVERSION = YES;
				CLANG_WARN_DIRECT_OBJC_ISA_USAGE = YES_ERROR;
				CLANG_WARN_DOCUMENTATION_COMMENTS = YES;
				CLANG_WARN_EMPTY_BODY = YES;
				CLANG_WARN_ENUM_CONVERSION = YES;
				CLANG_WARN_INFINITE_RECURSION = YES;
				CLANG_WARN_INT_CONVERSION = YES;
				CLANG_WARN_NON_LITERAL_NULL_CONVERSION = YES;
				CLANG_WARN_OBJC_LITERAL_CONVERSION = YES;
				CLANG_WARN_OBJC_ROOT_CLASS = YES_ERROR;
				CLANG_WARN_RANGE_LOOP_ANALYSIS = YES;
				CLANG_WARN_STRICT_PROTOTYPES = YES;
				CLANG_WARN_SUSPICIOUS_MOVE = YES;
				CLANG_WARN_UNGUARDED_AVAILABILITY = YES_AGGRESSIVE;
				CLANG_WARN_UNREACHABLE_CODE = YES;
				CLANG_WARN__DUPLICATE_METHOD_MATCH = YES;
				CODE_SIGN_IDENTITY = "iPhone Developer";
				COPY_PHASE_STRIP = NO;
				DEBUG_INFORMATION_FORMAT = "dwarf-with-dsym";
				ENABLE_NS_ASSERTIONS = NO;
				ENABLE_STRICT_OBJC_MSGSEND = YES;
				GCC_C_LANGUAGE_STANDARD = gnu11;
				GCC_NO_COMMON_BLOCKS = YES;
				GCC_WARN_64_TO_32_BIT_CONVERSION = YES;
				GCC_WARN_ABOUT_RETURN_TYPE = YES_ERROR;
				GCC_WARN_UNDECLARED_SELECTOR = YES;
				GCC_WARN_UNINITIALIZED_AUTOS = YES_AGGRESSIVE;
				GCC_WARN_UNUSED_FUNCTION = YES;
				GCC_WARN_UNUSED_VARIABLE = YES;
				IPHONEOS_DEPLOYMENT_TARGET = 11.0;
				MTL_ENABLE_DEBUG_INFO = NO;
				SDKROOT = iphoneos;
				SWIFT_OPTIMIZATION_LEVEL = "-Owholemodule";
				VALIDATE_PRODUCT = YES;
			};
			name = Release;
		};
		3FFAF7551FD82DAF00D6E2EC /* Debug */ = {
			isa = XCBuildConfiguration;
			buildSettings = {
				ASSETCATALOG_COMPILER_APPICON_NAME = AppIcon;
				CODE_SIGN_STYLE = Automatic;
				INFOPLIST_FILE = "Two Buttons/Info.plist";
				LD_RUNPATH_SEARCH_PATHS = "$(inherited) @executable_path/Frameworks";
				PRODUCT_BUNDLE_IDENTIFIER = "Grace.Two-Buttons";
				PRODUCT_NAME = "$(TARGET_NAME)";
				SWIFT_VERSION = 4.0;
				TARGETED_DEVICE_FAMILY = "1,2";
			};
			name = Debug;
		};
		3FFAF7561FD82DAF00D6E2EC /* Release */ = {
			isa = XCBuildConfiguration;
			buildSettings = {
				ASSETCATALOG_COMPILER_APPICON_NAME = AppIcon;
				CODE_SIGN_STYLE = Automatic;
				INFOPLIST_FILE = "Two Buttons/Info.plist";
				LD_RUNPATH_SEARCH_PATHS = "$(inherited) @executable_path/Frameworks";
				PRODUCT_BUNDLE_IDENTIFIER = "Grace.Two-Buttons";
				PRODUCT_NAME = "$(TARGET_NAME)";
				SWIFT_VERSION = 4.0;
				TARGETED_DEVICE_FAMILY = "1,2";
			};
			name = Release;
		};
/* End XCBuildConfiguration section */

/* Begin XCConfigurationList section */
		3FFAF73A1FD82DAF00D6E2EC /* Build configuration list for PBXProject "Two Buttons" */ = {
			isa = XCConfigurationList;
			buildConfigurations = (
				3FFAF7521FD82DAF00D6E2EC /* Debug */,
				3FFAF7531FD82DAF00D6E2EC /* Release */,
			);
			defaultConfigurationIsVisible = 0;
			defaultConfigurationName = Release;
		};
		3FFAF7541FD82DAF00D6E2EC /* Build configuration list for PBXNativeTarget "Two Buttons" */ = {
			isa = XCConfigurationList;
			buildConfigurations = (
				3FFAF7551FD82DAF00D6E2EC /* Debug */,
				3FFAF7561FD82DAF00D6E2EC /* Release */,
			);
			defaultConfigurationIsVisible = 0;
			defaultConfigurationName = Release;
		};
/* End XCConfigurationList section */

/* Begin XCVersionGroup section */
		3FFAF7491FD82DAF00D6E2EC /* Two_Buttons.xcdatamodeld */ = {
			isa = XCVersionGroup;
			children = (
				3FFAF74A1FD82DAF00D6E2EC /* Two_Buttons.xcdatamodel */,
			);
			currentVersion = 3FFAF74A1FD82DAF00D6E2EC /* Two_Buttons.xcdatamodel */;
			path = Two_Buttons.xcdatamodeld;
			sourceTree = "<group>";
			versionGroupType = wrapper.xcdatamodel;
		};
/* End XCVersionGroup section */
	};
	rootObject = 3FFAF7371FD82DAF00D6E2EC /* Project object */;
}
